
Microsoft Visual Studio Solution File, Format Version 12.00
# Visual Studio Version 17
VisualStudioVersion = 17.2.32630.192
MinimumVisualStudioVersion = 10.0.40219.1
Project("{FAE04EC0-301F-11D3-BF4B-00C04F79EFBC}") = "RockPaperScissor", "RockPaperScissor.csproj", "{01450B35-7DF0-4930-AE99-F5C0BEF3C7D7}"
EndProject
Global
	GlobalSection(SolutionConfigurationPlatforms) = preSolution
		Debug|Any CPU = Debug|Any CPU
		Release|Any CPU = Release|Any CPU
	EndGlobalSection
	GlobalSection(ProjectConfigurationPlatforms) = postSolution
		{01450B35-7DF0-4930-AE99-F5C0BEF3C7D7}.Debug|Any CPU.ActiveCfg = Debug|Any CPU
		{01450B35-7DF0-4930-AE99-F5C0BEF3C7D7}.Debug|Any CPU.Build.0 = Debug|Any CPU
		{01450B35-7DF0-4930-AE99-F5C0BEF3C7D7}.Release|Any CPU.ActiveCfg = Release|Any CPU
		{01450B35-7DF0-4930-AE99-F5C0BEF3C7D7}.Release|Any CPU.Build.0 = Release|Any CPU
	EndGlobalSection
	GlobalSection(SolutionProperties) = preSolution
		HideSolutionNode = FALSE
	EndGlobalSection
	GlobalSection(ExtensibilityGlobals) = postSolution
		SolutionGuid = {FE3D6980-0732-436F-9CD4-CAB7AF7741C7}
	EndGlobalSection
EndGlobal
