
Microsoft Visual Studio Solution File, Format Version 12.00
# Visual Studio Version 17
VisualStudioVersion = 17.2.32630.192
MinimumVisualStudioVersion = 10.0.40219.1
Project("{FAE04EC0-301F-11D3-BF4B-00C04F79EFBC}") = "helloWorld", "helloWorld.csproj", "{FF4CA780-6856-47FC-B042-996A5E1021B3}"
EndProject
Global
	GlobalSection(SolutionConfigurationPlatforms) = preSolution
		Debug|Any CPU = Debug|Any CPU
		Release|Any CPU = Release|Any CPU
	EndGlobalSection
	GlobalSection(ProjectConfigurationPlatforms) = postSolution
		{FF4CA780-6856-47FC-B042-996A5E1021B3}.Debug|Any CPU.ActiveCfg = Debug|Any CPU
		{FF4CA780-6856-47FC-B042-996A5E1021B3}.Debug|Any CPU.Build.0 = Debug|Any CPU
		{FF4CA780-6856-47FC-B042-996A5E1021B3}.Release|Any CPU.ActiveCfg = Release|Any CPU
		{FF4CA780-6856-47FC-B042-996A5E1021B3}.Release|Any CPU.Build.0 = Release|Any CPU
	EndGlobalSection
	GlobalSection(SolutionProperties) = preSolution
		HideSolutionNode = FALSE
	EndGlobalSection
	GlobalSection(ExtensibilityGlobals) = postSolution
		SolutionGuid = {836C209C-188D-44B5-9ADC-079DF9CF1B33}
	EndGlobalSection
EndGlobal
