
Microsoft Visual Studio Solution File, Format Version 12.00
# Visual Studio Version 17
VisualStudioVersion = 17.2.32630.192
MinimumVisualStudioVersion = 10.0.40219.1
Project("{FAE04EC0-301F-11D3-BF4B-00C04F79EFBC}") = "ifs", "ifs.csproj", "{A450EFA9-4298-4BF1-A1B8-62A166344572}"
EndProject
Global
	GlobalSection(SolutionConfigurationPlatforms) = preSolution
		Debug|Any CPU = Debug|Any CPU
		Release|Any CPU = Release|Any CPU
	EndGlobalSection
	GlobalSection(ProjectConfigurationPlatforms) = postSolution
		{A450EFA9-4298-4BF1-A1B8-62A166344572}.Debug|Any CPU.ActiveCfg = Debug|Any CPU
		{A450EFA9-4298-4BF1-A1B8-62A166344572}.Debug|Any CPU.Build.0 = Debug|Any CPU
		{A450EFA9-4298-4BF1-A1B8-62A166344572}.Release|Any CPU.ActiveCfg = Release|Any CPU
		{A450EFA9-4298-4BF1-A1B8-62A166344572}.Release|Any CPU.Build.0 = Release|Any CPU
	EndGlobalSection
	GlobalSection(SolutionProperties) = preSolution
		HideSolutionNode = FALSE
	EndGlobalSection
	GlobalSection(ExtensibilityGlobals) = postSolution
		SolutionGuid = {B4135B46-943E-429B-9E7D-029DFFE6DE93}
	EndGlobalSection
EndGlobal
